
Microsoft Visual Studio Solution File, Format Version 12.00
# Visual Studio 15
VisualStudioVersion = 15.0.28307.1300
MinimumVisualStudioVersion = 10.0.40219.1
Project("{FAE04EC0-301F-11D3-BF4B-00C04F79EFBC}") = "Cubic_Spline_Interpolation", "Cubic_Spline_Interpolation\Cubic_Spline_Interpolation.csproj", "{3B4D06DA-EE40-4344-9265-1426DFB30164}"
EndProject
Project("{FAE04EC0-301F-11D3-BF4B-00C04F79EFBC}") = "SLAE_Solver", "SLAE_Solver\SLAE_Solver.csproj", "{91F84422-0F87-485D-A449-7E62E19550AF}"
EndProject
Global
	GlobalSection(SolutionConfigurationPlatforms) = preSolution
		Debug|Any CPU = Debug|Any CPU
		Release|Any CPU = Release|Any CPU
	EndGlobalSection
	GlobalSection(ProjectConfigurationPlatforms) = postSolution
		{3B4D06DA-EE40-4344-9265-1426DFB30164}.Debug|Any CPU.ActiveCfg = Debug|Any CPU
		{3B4D06DA-EE40-4344-9265-1426DFB30164}.Debug|Any CPU.Build.0 = Debug|Any CPU
		{3B4D06DA-EE40-4344-9265-1426DFB30164}.Release|Any CPU.ActiveCfg = Release|Any CPU
		{3B4D06DA-EE40-4344-9265-1426DFB30164}.Release|Any CPU.Build.0 = Release|Any CPU
		{91F84422-0F87-485D-A449-7E62E19550AF}.Debug|Any CPU.ActiveCfg = Debug|Any CPU
		{91F84422-0F87-485D-A449-7E62E19550AF}.Debug|Any CPU.Build.0 = Debug|Any CPU
		{91F84422-0F87-485D-A449-7E62E19550AF}.Release|Any CPU.ActiveCfg = Release|Any CPU
		{91F84422-0F87-485D-A449-7E62E19550AF}.Release|Any CPU.Build.0 = Release|Any CPU
	EndGlobalSection
	GlobalSection(SolutionProperties) = preSolution
		HideSolutionNode = FALSE
	EndGlobalSection
	GlobalSection(ExtensibilityGlobals) = postSolution
		SolutionGuid = {E9BAC6AD-CD6D-4C62-8B86-883614230893}
	EndGlobalSection
EndGlobal
